
Microsoft Visual Studio Solution File, Format Version 12.00
# Visual Studio Version 16
VisualStudioVersion = 16.0.31205.134
MinimumVisualStudioVersion = 10.0.40219.1
Project("{FAE04EC0-301F-11D3-BF4B-00C04F79EFBC}") = "MessageBoard", "MessageBoard\MessageBoard.csproj", "{34053558-2FE7-401E-ADED-C5AF0841B639}"
EndProject
Project("{2150E333-8FDC-42A3-9474-1A3956D46DE8}") = "docs", "docs", "{5394AE83-FF44-4BA5-A809-FCBF66B0EDB3}"
	ProjectSection(SolutionItems) = preProject
		How-to-install-mssql-in-docker.md = How-to-install-mssql-in-docker.md
	EndProjectSection
EndProject
Project("{FAE04EC0-301F-11D3-BF4B-00C04F79EFBC}") = "Playground.TakeMoneyFromDream", "Playground.TakeMoneyFromDream\Playground.TakeMoneyFromDream.csproj", "{A2F538A4-1CA7-414F-AB30-7C12BB1390D2}"
EndProject
Global
	GlobalSection(SolutionConfigurationPlatforms) = preSolution
		Debug|Any CPU = Debug|Any CPU
		Release|Any CPU = Release|Any CPU
	EndGlobalSection
	GlobalSection(ProjectConfigurationPlatforms) = postSolution
		{34053558-2FE7-401E-ADED-C5AF0841B639}.Debug|Any CPU.ActiveCfg = Debug|Any CPU
		{34053558-2FE7-401E-ADED-C5AF0841B639}.Debug|Any CPU.Build.0 = Debug|Any CPU
		{34053558-2FE7-401E-ADED-C5AF0841B639}.Release|Any CPU.ActiveCfg = Release|Any CPU
		{34053558-2FE7-401E-ADED-C5AF0841B639}.Release|Any CPU.Build.0 = Release|Any CPU
		{A2F538A4-1CA7-414F-AB30-7C12BB1390D2}.Debug|Any CPU.ActiveCfg = Debug|Any CPU
		{A2F538A4-1CA7-414F-AB30-7C12BB1390D2}.Debug|Any CPU.Build.0 = Debug|Any CPU
		{A2F538A4-1CA7-414F-AB30-7C12BB1390D2}.Release|Any CPU.ActiveCfg = Release|Any CPU
		{A2F538A4-1CA7-414F-AB30-7C12BB1390D2}.Release|Any CPU.Build.0 = Release|Any CPU
	EndGlobalSection
	GlobalSection(SolutionProperties) = preSolution
		HideSolutionNode = FALSE
	EndGlobalSection
	GlobalSection(ExtensibilityGlobals) = postSolution
		SolutionGuid = {1689ADF0-121A-44CE-B1F5-D82BCE26B4A6}
	EndGlobalSection
EndGlobal
